// !$*UTF8*$!
{
	archiveVersion = 1;
	classes = {
	};
	objectVersion = 56;
	objects = {

/* Begin PBXBuildFile section */
		21078DF92A102B45001A284D /* StartingPointWindow.storyboard in Resources */ = {isa = PBXBuildFile; fileRef = 21078DF82A102B45001A284D /* StartingPointWindow.storyboard */; };
		21078DFB2A102BA7001A284D /* StartingPointViewController.swift in Sources */ = {isa = PBXBuildFile; fileRef = 21078DFA2A102BA7001A284D /* StartingPointViewController.swift */; };
		21078DFD2A102D81001A284D /* startingpoint.html in Resources */ = {isa = PBXBuildFile; fileRef = 21078DFC2A102D81001A284D /* startingpoint.html */; };
		21078E042A1032DC001A284D /* YellowBackgroundView.swift in Sources */ = {isa = PBXBuildFile; fileRef = 21078E032A1032DC001A284D /* YellowBackgroundView.swift */; };
		21078E062A10330F001A284D /* cssscroller.html in Resources */ = {isa = PBXBuildFile; fileRef = 21078E052A10330F001A284D /* cssscroller.html */; };
		21078E092A10341E001A284D /* CSSScrollerWindow.storyboard in Resources */ = {isa = PBXBuildFile; fileRef = 21078E072A10341E001A284D /* CSSScrollerWindow.storyboard */; };
		21078E0A2A10341E001A284D /* CSSScrollerViewController.swift in Sources */ = {isa = PBXBuildFile; fileRef = 21078E082A10341E001A284D /* CSSScrollerViewController.swift */; };
		21078E0D2A103809001A284D /* customscroller.html in Resources */ = {isa = PBXBuildFile; fileRef = 21078E0C2A103809001A284D /* customscroller.html */; };
		21078E0F2A103838001A284D /* CustomScrollerWindow.storyboard in Resources */ = {isa = PBXBuildFile; fileRef = 21078E0E2A103838001A284D /* CustomScrollerWindow.storyboard */; };
		21078E112A103855001A284D /* CustomScrollerViewController.swift in Sources */ = {isa = PBXBuildFile; fileRef = 21078E102A103855001A284D /* CustomScrollerViewController.swift */; };
		21E84EA62A102A7000E6C504 /* AppDelegate.swift in Sources */ = {isa = PBXBuildFile; fileRef = 21E84EA52A102A7000E6C504 /* AppDelegate.swift */; };
		21E84EAA2A102A7300E6C504 /* Assets.xcassets in Resources */ = {isa = PBXBuildFile; fileRef = 21E84EA92A102A7300E6C504 /* Assets.xcassets */; };
		21E84EAD2A102A7300E6C504 /* Main.storyboard in Resources */ = {isa = PBXBuildFile; fileRef = 21E84EAB2A102A7300E6C504 /* Main.storyboard */; };
/* End PBXBuildFile section */

/* Begin PBXFileReference section */
		21078DF82A102B45001A284D /* StartingPointWindow.storyboard */ = {isa = PBXFileReference; lastKnownFileType = file.storyboard; path = StartingPointWindow.storyboard; sourceTree = "<group>"; };
		21078DFA2A102BA7001A284D /* StartingPointViewController.swift */ = {isa = PBXFileReference; lastKnownFileType = sourcecode.swift; path = StartingPointViewController.swift; sourceTree = "<group>"; };
		21078DFC2A102D81001A284D /* startingpoint.html */ = {isa = PBXFileReference; lastKnownFileType = text.html; path = startingpoint.html; sourceTree = "<group>"; };
		21078E032A1032DC001A284D /* YellowBackgroundView.swift */ = {isa = PBXFileReference; fileEncoding = 4; lastKnownFileType = sourcecode.swift; name = YellowBackgroundView.swift; path = Scrollers/Shared/YellowBackgroundView.swift; sourceTree = SOURCE_ROOT; };
		21078E052A10330F001A284D /* cssscroller.html */ = {isa = PBXFileReference; fileEncoding = 4; lastKnownFileType = text.html; path = cssscroller.html; sourceTree = "<group>"; };
		21078E072A10341E001A284D /* CSSScrollerWindow.storyboard */ = {isa = PBXFileReference; fileEncoding = 4; lastKnownFileType = file.storyboard; path = CSSScrollerWindow.storyboard; sourceTree = "<group>"; };
		21078E082A10341E001A284D /* CSSScrollerViewController.swift */ = {isa = PBXFileReference; fileEncoding = 4; lastKnownFileType = sourcecode.swift; path = CSSScrollerViewController.swift; sourceTree = "<group>"; };
		21078E0C2A103809001A284D /* customscroller.html */ = {isa = PBXFileReference; lastKnownFileType = text.html; path = customscroller.html; sourceTree = "<group>"; };
		21078E0E2A103838001A284D /* CustomScrollerWindow.storyboard */ = {isa = PBXFileReference; fileEncoding = 4; lastKnownFileType = file.storyboard; path = CustomScrollerWindow.storyboard; sourceTree = "<group>"; };
		21078E102A103855001A284D /* CustomScrollerViewController.swift */ = {isa = PBXFileReference; lastKnownFileType = sourcecode.swift; path = CustomScrollerViewController.swift; sourceTree = "<group>"; };
		21E84EA22A102A7000E6C504 /* Scrollers.app */ = {isa = PBXFileReference; explicitFileType = wrapper.application; includeInIndex = 0; path = Scrollers.app; sourceTree = BUILT_PRODUCTS_DIR; };
		21E84EA52A102A7000E6C504 /* AppDelegate.swift */ = {isa = PBXFileReference; lastKnownFileType = sourcecode.swift; path = AppDelegate.swift; sourceTree = "<group>"; };
		21E84EA92A102A7300E6C504 /* Assets.xcassets */ = {isa = PBXFileReference; lastKnownFileType = folder.assetcatalog; path = Assets.xcassets; sourceTree = "<group>"; };
		21E84EAC2A102A7300E6C504 /* Base */ = {isa = PBXFileReference; lastKnownFileType = file.storyboard; name = Base; path = Base.lproj/Main.storyboard; sourceTree = "<group>"; };
		21E84EAE2A102A7300E6C504 /* Scrollers.entitlements */ = {isa = PBXFileReference; lastKnownFileType = text.plist.entitlements; path = Scrollers.entitlements; sourceTree = "<group>"; };
/* End PBXFileReference section */

/* Begin PBXFrameworksBuildPhase section */
		21E84E9F2A102A7000E6C504 /* Frameworks */ = {
			isa = PBXFrameworksBuildPhase;
			buildActionMask = 2147483647;
			files = (
			);
			runOnlyForDeploymentPostprocessing = 0;
		};
/* End PBXFrameworksBuildPhase section */

/* Begin PBXGroup section */
		21078DF72A102B02001A284D /* Starting Point */ = {
			isa = PBXGroup;
			children = (
				21078DF82A102B45001A284D /* StartingPointWindow.storyboard */,
				21078DFA2A102BA7001A284D /* StartingPointViewController.swift */,
				21078DFC2A102D81001A284D /* startingpoint.html */,
			);
			path = "Starting Point";
			sourceTree = "<group>";
		};
		21078DFF2A103085001A284D /* Shared */ = {
			isa = PBXGroup;
			children = (
				21078E032A1032DC001A284D /* YellowBackgroundView.swift */,
			);
			name = Shared;
			path = "Starting Point/Shared";
			sourceTree = "<group>";
		};
		21078E022A103273001A284D /* CSS Scroller */ = {
			isa = PBXGroup;
			children = (
				21078E072A10341E001A284D /* CSSScrollerWindow.storyboard */,
				21078E082A10341E001A284D /* CSSScrollerViewController.swift */,
				21078E052A10330F001A284D /* cssscroller.html */,
			);
			path = "CSS Scroller";
			sourceTree = "<group>";
		};
		21078E0B2A1037B1001A284D /* Custom Scroller */ = {
			isa = PBXGroup;
			children = (
				21078E0E2A103838001A284D /* CustomScrollerWindow.storyboard */,
				21078E102A103855001A284D /* CustomScrollerViewController.swift */,
				21078E0C2A103809001A284D /* customscroller.html */,
			);
			path = "Custom Scroller";
			sourceTree = "<group>";
		};
		21E84E992A102A7000E6C504 = {
			isa = PBXGroup;
			children = (
				21E84EA42A102A7000E6C504 /* Scrollers */,
				21E84EA32A102A7000E6C504 /* Products */,
			);
			sourceTree = "<group>";
		};
		21E84EA32A102A7000E6C504 /* Products */ = {
			isa = PBXGroup;
			children = (
				21E84EA22A102A7000E6C504 /* Scrollers.app */,
			);
			name = Products;
			sourceTree = "<group>";
		};
		21E84EA42A102A7000E6C504 /* Scrollers */ = {
			isa = PBXGroup;
			children = (
				21E84EA52A102A7000E6C504 /* AppDelegate.swift */,
				21E84EA92A102A7300E6C504 /* Assets.xcassets */,
				21E84EAB2A102A7300E6C504 /* Main.storyboard */,
				21E84EAE2A102A7300E6C504 /* Scrollers.entitlements */,
				21078DFF2A103085001A284D /* Shared */,
				21078DF72A102B02001A284D /* Starting Point */,
				21078E022A103273001A284D /* CSS Scroller */,
				21078E0B2A1037B1001A284D /* Custom Scroller */,
			);
			path = Scrollers;
			sourceTree = "<group>";
		};
/* End PBXGroup section */

/* Begin PBXNativeTarget section */
		21E84EA12A102A7000E6C504 /* Scrollers */ = {
			isa = PBXNativeTarget;
			buildConfigurationList = 21E84EB12A102A7300E6C504 /* Build configuration list for PBXNativeTarget "Scrollers" */;
			buildPhases = (
				21E84E9E2A102A7000E6C504 /* Sources */,
				21E84E9F2A102A7000E6C504 /* Frameworks */,
				21E84EA02A102A7000E6C504 /* Resources */,
			);
			buildRules = (
			);
			dependencies = (
			);
			name = Scrollers;
			productName = Scrollers;
			productReference = 21E84EA22A102A7000E6C504 /* Scrollers.app */;
			productType = "com.apple.product-type.application";
		};
/* End PBXNativeTarget section */

/* Begin PBXProject section */
		21E84E9A2A102A7000E6C504 /* Project object */ = {
			isa = PBXProject;
			attributes = {
				BuildIndependentTargetsInParallel = 1;
				LastSwiftUpdateCheck = 1430;
				LastUpgradeCheck = 1430;
				TargetAttributes = {
					21E84EA12A102A7000E6C504 = {
						CreatedOnToolsVersion = 14.3;
					};
				};
			};
			buildConfigurationList = 21E84E9D2A102A7000E6C504 /* Build configuration list for PBXProject "Scrollers" */;
			compatibilityVersion = "Xcode 14.0";
			developmentRegion = en;
			hasScannedForEncodings = 0;
			knownRegions = (
				en,
				Base,
			);
			mainGroup = 21E84E992A102A7000E6C504;
			productRefGroup = 21E84EA32A102A7000E6C504 /* Products */;
			projectDirPath = "";
			projectRoot = "";
			targets = (
				21E84EA12A102A7000E6C504 /* Scrollers */,
			);
		};
/* End PBXProject section */

/* Begin PBXResourcesBuildPhase section */
		21E84EA02A102A7000E6C504 /* Resources */ = {
			isa = PBXResourcesBuildPhase;
			buildActionMask = 2147483647;
			files = (
				21E84EAA2A102A7300E6C504 /* Assets.xcassets in Resources */,
				21078DF92A102B45001A284D /* StartingPointWindow.storyboard in Resources */,
				21078E0D2A103809001A284D /* customscroller.html in Resources */,
				21E84EAD2A102A7300E6C504 /* Main.storyboard in Resources */,
				21078E0F2A103838001A284D /* CustomScrollerWindow.storyboard in Resources */,
				21078DFD2A102D81001A284D /* startingpoint.html in Resources */,
				21078E092A10341E001A284D /* CSSScrollerWindow.storyboard in Resources */,
				21078E062A10330F001A284D /* cssscroller.html in Resources */,
			);
			runOnlyForDeploymentPostprocessing = 0;
		};
/* End PBXResourcesBuildPhase section */

/* Begin PBXSourcesBuildPhase section */
		21E84E9E2A102A7000E6C504 /* Sources */ = {
			isa = PBXSourcesBuildPhase;
			buildActionMask = 2147483647;
			files = (
				21078E0A2A10341E001A284D /* CSSScrollerViewController.swift in Sources */,
				21078E112A103855001A284D /* CustomScrollerViewController.swift in Sources */,
				21E84EA62A102A7000E6C504 /* AppDelegate.swift in Sources */,
				21078E042A1032DC001A284D /* YellowBackgroundView.swift in Sources */,
				21078DFB2A102BA7001A284D /* StartingPointViewController.swift in Sources */,
			);
			runOnlyForDeploymentPostprocessing = 0;
		};
/* End PBXSourcesBuildPhase section */

/* Begin PBXVariantGroup section */
		21E84EAB2A102A7300E6C504 /* Main.storyboard */ = {
			isa = PBXVariantGroup;
			children = (
				21E84EAC2A102A7300E6C504 /* Base */,
			);
			name = Main.storyboard;
			sourceTree = "<group>";
		};
/* End PBXVariantGroup section */

/* Begin XCBuildConfiguration section */
		21E84EAF2A102A7300E6C504 /* Debug */ = {
			isa = XCBuildConfiguration;
			buildSettings = {
				ALWAYS_SEARCH_USER_PATHS = NO;
				CLANG_ANALYZER_NONNULL = YES;
				CLANG_ANALYZER_NUMBER_OBJECT_CONVERSION = YES_AGGRESSIVE;
				CLANG_CXX_LANGUAGE_STANDARD = "gnu++20";
				CLANG_ENABLE_MODULES = YES;
				CLANG_ENABLE_OBJC_ARC = YES;
				CLANG_ENABLE_OBJC_WEAK = YES;
				CLANG_WARN_BLOCK_CAPTURE_AUTORELEASING = YES;
				CLANG_WARN_BOOL_CONVERSION = YES;
				CLANG_WARN_COMMA = YES;
				CLANG_WARN_CONSTANT_CONVERSION = YES;
				CLANG_WARN_DEPRECATED_OBJC_IMPLEMENTATIONS = YES;
				CLANG_WARN_DIRECT_OBJC_ISA_USAGE = YES_ERROR;
				CLANG_WARN_DOCUMENTATION_COMMENTS = YES;
				CLANG_WARN_EMPTY_BODY = YES;
				CLANG_WARN_ENUM_CONVERSION = YES;
				CLANG_WARN_INFINITE_RECURSION = YES;
				CLANG_WARN_INT_CONVERSION = YES;
				CLANG_WARN_NON_LITERAL_NULL_CONVERSION = YES;
				CLANG_WARN_OBJC_IMPLICIT_RETAIN_SELF = YES;
				CLANG_WARN_OBJC_LITERAL_CONVERSION = YES;
				CLANG_WARN_OBJC_ROOT_CLASS = YES_ERROR;
				CLANG_WARN_QUOTED_INCLUDE_IN_FRAMEWORK_HEADER = YES;
				CLANG_WARN_RANGE_LOOP_ANALYSIS = YES;
				CLANG_WARN_STRICT_PROTOTYPES = YES;
				CLANG_WARN_SUSPICIOUS_MOVE = YES;
				CLANG_WARN_UNGUARDED_AVAILABILITY = YES_AGGRESSIVE;
				CLANG_WARN_UNREACHABLE_CODE = YES;
				CLANG_WARN__DUPLICATE_METHOD_MATCH = YES;
				COPY_PHASE_STRIP = NO;
				DEBUG_INFORMATION_FORMAT = dwarf;
				ENABLE_STRICT_OBJC_MSGSEND = YES;
				ENABLE_TESTABILITY = YES;
				GCC_C_LANGUAGE_STANDARD = gnu11;
				GCC_DYNAMIC_NO_PIC = NO;
				GCC_NO_COMMON_BLOCKS = YES;
				GCC_OPTIMIZATION_LEVEL = 0;
				GCC_PREPROCESSOR_DEFINITIONS = (
					"DEBUG=1",
					"$(inherited)",
				);
				GCC_WARN_64_TO_32_BIT_CONVERSION = YES;
				GCC_WARN_ABOUT_RETURN_TYPE = YES_ERROR;
				GCC_WARN_UNDECLARED_SELECTOR = YES;
				GCC_WARN_UNINITIALIZED_AUTOS = YES_AGGRESSIVE;
				GCC_WARN_UNUSED_FUNCTION = YES;
				GCC_WARN_UNUSED_VARIABLE = YES;
				MACOSX_DEPLOYMENT_TARGET = 13.3;
				MTL_ENABLE_DEBUG_INFO = INCLUDE_SOURCE;
				MTL_FAST_MATH = YES;
				ONLY_ACTIVE_ARCH = YES;
				SDKROOT = macosx;
				SWIFT_ACTIVE_COMPILATION_CONDITIONS = DEBUG;
				SWIFT_OPTIMIZATION_LEVEL = "-Onone";
			};
			name = Debug;
		};
		21E84EB02A102A7300E6C504 /* Release */ = {
			isa = XCBuildConfiguration;
			buildSettings = {
				ALWAYS_SEARCH_USER_PATHS = NO;
				CLANG_ANALYZER_NONNULL = YES;
				CLANG_ANALYZER_NUMBER_OBJECT_CONVERSION = YES_AGGRESSIVE;
				CLANG_CXX_LANGUAGE_STANDARD = "gnu++20";
				CLANG_ENABLE_MODULES = YES;
				CLANG_ENABLE_OBJC_ARC = YES;
				CLANG_ENABLE_OBJC_WEAK = YES;
				CLANG_WARN_BLOCK_CAPTURE_AUTORELEASING = YES;
				CLANG_WARN_BOOL_CONVERSION = YES;
				CLANG_WARN_COMMA = YES;
				CLANG_WARN_CONSTANT_CONVERSION = YES;
				CLANG_WARN_DEPRECATED_OBJC_IMPLEMENTATIONS = YES;
				CLANG_WARN_DIRECT_OBJC_ISA_USAGE = YES_ERROR;
				CLANG_WARN_DOCUMENTATION_COMMENTS = YES;
				CLANG_WARN_EMPTY_BODY = YES;
				CLANG_WARN_ENUM_CONVERSION = YES;
				CLANG_WARN_INFINITE_RECURSION = YES;
				CLANG_WARN_INT_CONVERSION = YES;
				CLANG_WARN_NON_LITERAL_NULL_CONVERSION = YES;
				CLANG_WARN_OBJC_IMPLICIT_RETAIN_SELF = YES;
				CLANG_WARN_OBJC_LITERAL_CONVERSION = YES;
				CLANG_WARN_OBJC_ROOT_CLASS = YES_ERROR;
				CLANG_WARN_QUOTED_INCLUDE_IN_FRAMEWORK_HEADER = YES;
				CLANG_WARN_RANGE_LOOP_ANALYSIS = YES;
				CLANG_WARN_STRICT_PROTOTYPES = YES;
				CLANG_WARN_SUSPICIOUS_MOVE = YES;
				CLANG_WARN_UNGUARDED_AVAILABILITY = YES_AGGRESSIVE;
				CLANG_WARN_UNREACHABLE_CODE = YES;
				CLANG_WARN__DUPLICATE_METHOD_MATCH = YES;
				COPY_PHASE_STRIP = NO;
				DEBUG_INFORMATION_FORMAT = "dwarf-with-dsym";
				ENABLE_NS_ASSERTIONS = NO;
				ENABLE_STRICT_OBJC_MSGSEND = YES;
				GCC_C_LANGUAGE_STANDARD = gnu11;
				GCC_NO_COMMON_BLOCKS = YES;
				GCC_WARN_64_TO_32_BIT_CONVERSION = YES;
				GCC_WARN_ABOUT_RETURN_TYPE = YES_ERROR;
				GCC_WARN_UNDECLARED_SELECTOR = YES;
				GCC_WARN_UNINITIALIZED_AUTOS = YES_AGGRESSIVE;
				GCC_WARN_UNUSED_FUNCTION = YES;
				GCC_WARN_UNUSED_VARIABLE = YES;
				MACOSX_DEPLOYMENT_TARGET = 13.3;
				MTL_ENABLE_DEBUG_INFO = NO;
				MTL_FAST_MATH = YES;
				SDKROOT = macosx;
				SWIFT_COMPILATION_MODE = wholemodule;
				SWIFT_OPTIMIZATION_LEVEL = "-O";
			};
			name = Release;
		};
		21E84EB22A102A7300E6C504 /* Debug */ = {
			isa = XCBuildConfiguration;
			buildSettings = {
				ASSETCATALOG_COMPILER_APPICON_NAME = AppIcon;
				ASSETCATALOG_COMPILER_GLOBAL_ACCENT_COLOR_NAME = AccentColor;
				CODE_SIGN_ENTITLEMENTS = Scrollers/Scrollers.entitlements;
				CODE_SIGN_STYLE = Automatic;
				COMBINE_HIDPI_IMAGES = YES;
				CURRENT_PROJECT_VERSION = 1;
				DEVELOPMENT_TEAM = 372S63A2R8;
				ENABLE_HARDENED_RUNTIME = YES;
				GENERATE_INFOPLIST_FILE = YES;
				INFOPLIST_KEY_NSHumanReadableCopyright = "";
				INFOPLIST_KEY_NSMainStoryboardFile = Main;
				INFOPLIST_KEY_NSPrincipalClass = NSApplication;
				LD_RUNPATH_SEARCH_PATHS = (
					"$(inherited)",
					"@executable_path/../Frameworks",
				);
				MARKETING_VERSION = 1.0;
				PRODUCT_BUNDLE_IDENTIFIER = com.goldenhillsoftware.Scrollers;
				PRODUCT_NAME = "$(TARGET_NAME)";
				SWIFT_EMIT_LOC_STRINGS = YES;
				SWIFT_VERSION = 5.0;
			};
			name = Debug;
		};
		21E84EB32A102A7300E6C504 /* Release */ = {
			isa = XCBuildConfiguration;
			buildSettings = {
				ASSETCATALOG_COMPILER_APPICON_NAME = AppIcon;
				ASSETCATALOG_COMPILER_GLOBAL_ACCENT_COLOR_NAME = AccentColor;
				CODE_SIGN_ENTITLEMENTS = Scrollers/Scrollers.entitlements;
				CODE_SIGN_STYLE = Automatic;
				COMBINE_HIDPI_IMAGES = YES;
				CURRENT_PROJECT_VERSION = 1;
				DEVELOPMENT_TEAM = 372S63A2R8;
				ENABLE_HARDENED_RUNTIME = YES;
				GENERATE_INFOPLIST_FILE = YES;
				INFOPLIST_KEY_NSHumanReadableCopyright = "";
				INFOPLIST_KEY_NSMainStoryboardFile = Main;
				INFOPLIST_KEY_NSPrincipalClass = NSApplication;
				LD_RUNPATH_SEARCH_PATHS = (
					"$(inherited)",
					"@executable_path/../Frameworks",
				);
				MARKETING_VERSION = 1.0;
				PRODUCT_BUNDLE_IDENTIFIER = com.goldenhillsoftware.Scrollers;
				PRODUCT_NAME = "$(TARGET_NAME)";
				SWIFT_EMIT_LOC_STRINGS = YES;
				SWIFT_VERSION = 5.0;
			};
			name = Release;
		};
/* End XCBuildConfiguration section */

/* Begin XCConfigurationList section */
		21E84E9D2A102A7000E6C504 /* Build configuration list for PBXProject "Scrollers" */ = {
			isa = XCConfigurationList;
			buildConfigurations = (
				21E84EAF2A102A7300E6C504 /* Debug */,
				21E84EB02A102A7300E6C504 /* Release */,
			);
			defaultConfigurationIsVisible = 0;
			defaultConfigurationName = Release;
		};
		21E84EB12A102A7300E6C504 /* Build configuration list for PBXNativeTarget "Scrollers" */ = {
			isa = XCConfigurationList;
			buildConfigurations = (
				21E84EB22A102A7300E6C504 /* Debug */,
				21E84EB32A102A7300E6C504 /* Release */,
			);
			defaultConfigurationIsVisible = 0;
			defaultConfigurationName = Release;
		};
/* End XCConfigurationList section */
	};
	rootObject = 21E84E9A2A102A7000E6C504 /* Project object */;
}
